{
  "name": "lib-pareto-filesystem",
  "lockfileVersion": 3,
  "requires": true,
  "packages": {
    "": {
      "name": "lib-pareto-filesystem",
      "license": "TBD",
      "dependencies": {
        "pareto-core-async": "^0.14.2",
        "pareto-core-data": "^0.7.1",
        "pareto-core-dev": "^0.9.1",
        "pareto-core-lib": "^0.26.1",
        "pareto-core-map": "^0.7.1",
        "pareto-core-state": "^0.20.1",
        "res-pareto-filesystem": "^0.74.0"
      }
    },
    "node_modules/glo-pareto-common": {
      "version": "0.33.0",
      "resolved": "https://registry.npmjs.org/glo-pareto-common/-/glo-pareto-common-0.33.0.tgz",
      "integrity": "sha512-nYqdzHXomIJcPkPxbLkt9Gnoj/YnW4NHTkYxMiEBbqV86uNsGU1nC7gY3vbdlcBLKBSJKUxjmviOjPn+pckCCw==",
      "license": "TBD",
      "dependencies": {
        "pareto-core-types": "^0.16.2"
      }
    },
    "node_modules/pareto-core-async": {
      "version": "0.14.2",
      "resolved": "https://registry.npmjs.org/pareto-core-async/-/pareto-core-async-0.14.2.tgz",
      "integrity": "sha512-WE+Q1ijhFybe04iE499aX73TPugbl7ZAIJb68SLT0iX3KA2jFnJf8KUxTjAP8qIBcIOdFmcaT8XDSzaOr1JG+w==",
      "license": "ISC",
      "dependencies": {
        "pareto-core-internals": "^0.22.2"
      }
    },
    "node_modules/pareto-core-data": {
      "version": "0.7.1",
      "resolved": "https://registry.npmjs.org/pareto-core-data/-/pareto-core-data-0.7.1.tgz",
      "integrity": "sha512-P0g6Re92of/EZQSXKMDFuw5H10I+3luwTG71zvNatg9Rir/iWAptrsoK/VsNXKiYX4I/OjFuUu2ezhT62+ZrPQ==",
      "license": "ISC",
      "dependencies": {
        "pareto-core-internals": "^0.22.2"
      }
    },
    "node_modules/pareto-core-dev": {
      "version": "0.9.1",
      "resolved": "https://registry.npmjs.org/pareto-core-dev/-/pareto-core-dev-0.9.1.tgz",
      "integrity": "sha512-K43mpTPS76bx1RbEmUWa6eJ24LV5+RkxRabwh++SOnHB6arwDJiMmCRtOkp9iseO7SZgrU4nH9wrV+JxusFNpQ==",
      "license": "ISC",
      "dependencies": {
        "pareto-core-internals": "^0.22.2"
      }
    },
    "node_modules/pareto-core-internals": {
      "version": "0.22.2",
      "resolved": "https://registry.npmjs.org/pareto-core-internals/-/pareto-core-internals-0.22.2.tgz",
      "integrity": "sha512-Uhg68zKwnmRLdcudNMwQ2BzxNCp4VABxSlG9K4Dha2ICgG/zUWWkksz7RoDWCLMMw5HziGeGa9Q1ckNYSPCS9A==",
      "license": "ISC",
      "dependencies": {
        "pareto-core-types": "^0.16.2"
      }
    },
    "node_modules/pareto-core-lib": {
      "version": "0.26.1",
      "resolved": "https://registry.npmjs.org/pareto-core-lib/-/pareto-core-lib-0.26.1.tgz",
      "integrity": "sha512-z2rbOPrbQBcB7vSBwbwIl+PSpoJ671B81LoZ3F/PKWOVkWiTdAzYuAGl8To9veUUBtbTmOv9jEkM4Iv2kX4BnQ==",
      "license": "ISC",
      "dependencies": {
        "pareto-core-internals": "^0.22.2"
      }
    },
    "node_modules/pareto-core-map": {
      "version": "0.7.1",
      "resolved": "https://registry.npmjs.org/pareto-core-map/-/pareto-core-map-0.7.1.tgz",
      "integrity": "sha512-VX+mr9TmwCstqfAUEOl/JvsWfyW7gbei0fy6ZA8YCMfhVzH/R1O+egluJSoD8E2k/hc4D5vg/nzjvl/qosmGiw==",
      "license": "ISC",
      "dependencies": {
        "pareto-core-internals": "^0.22.2"
      }
    },
    "node_modules/pareto-core-state": {
      "version": "0.20.1",
      "resolved": "https://registry.npmjs.org/pareto-core-state/-/pareto-core-state-0.20.1.tgz",
      "integrity": "sha512-GHHkx3gVCY0Fvp9mnRQ0C8vM5C0NEaSC8fdxL2VsyrsVGX3Lv2dtmMGfSqFt6EEaD+bKA6nYam81IxDMmLUq+A==",
      "license": "ISC",
      "dependencies": {
        "pareto-core-internals": "^0.22.2"
      }
    },
    "node_modules/pareto-core-types": {
      "version": "0.16.3",
      "resolved": "https://registry.npmjs.org/pareto-core-types/-/pareto-core-types-0.16.3.tgz",
      "integrity": "sha512-dTCdDZ4woGJlQ0yJQ0wWrDt6few0lZMHQ5iBNTI33xQpK7V17QWX/AFTgbKJ3KOSU9Q6DMEi8iuQsXHB5PDnVg==",
      "license": "ISC"
    },
    "node_modules/res-pareto-filesystem": {
      "version": "0.74.0",
      "resolved": "https://registry.npmjs.org/res-pareto-filesystem/-/res-pareto-filesystem-0.74.0.tgz",
      "integrity": "sha512-21DnTyhoXrhgdVijhco0vm1I+2y0+5cgu65ksTm9NfxoWRlSfWzRklhmslL/0tXsd7Z1d1kl0LizvrguV9K0rA==",
      "license": "TBD",
      "dependencies": {
        "glo-pareto-common": "^0.33.0",
        "pareto-core-internals": "^0.22.2"
      }
    }
  }
}
