{
  "name": "glo-pareto-common",
  "lockfileVersion": 3,
  "requires": true,
  "packages": {
    "": {
      "name": "glo-pareto-common",
      "license": "TBD",
      "dependencies": {
        "pareto-core-types": "^0.16.3"
      }
    },
    "node_modules/pareto-core-types": {
      "version": "0.16.3",
      "resolved": "https://registry.npmjs.org/pareto-core-types/-/pareto-core-types-0.16.3.tgz",
      "integrity": "sha512-dTCdDZ4woGJlQ0yJQ0wWrDt6few0lZMHQ5iBNTI33xQpK7V17QWX/AFTgbKJ3KOSU9Q6DMEi8iuQsXHB5PDnVg==",
      "license": "ISC"
    }
  }
}
